
Microsoft Visual Studio Solution File, Format Version 12.00
# Visual Studio Version 16
VisualStudioVersion = 16.0.30907.101
MinimumVisualStudioVersion = 10.0.40219.1
Project("{9A19103F-16F7-4668-BE54-9A1E7A4F7556}") = "Orm", "Orm\Orm.csproj", "{C4D27C9E-D680-4580-8ABE-ACA7C2B3D9F2}"
EndProject
Project("{2150E333-8FDC-42A3-9474-1A3956D46DE8}") = "Tests", "Tests", "{5F15B7E3-0FE6-47C0-9747-702225072C67}"
EndProject
Project("{9A19103F-16F7-4668-BE54-9A1E7A4F7556}") = "Orm.Tests", "Orm.Tests\Orm.Tests.csproj", "{6B48530F-C36D-4DB1-A43D-D0D863833E7F}"
EndProject
Project("{9A19103F-16F7-4668-BE54-9A1E7A4F7556}") = "Orm.Benchmarks", "Orm.Benchmark\Orm.Benchmarks.csproj", "{D625AA0B-E040-4513-9C5F-A5E7A88E60DE}"
EndProject
Project("{9A19103F-16F7-4668-BE54-9A1E7A4F7556}") = "Orm.Entities", "Orm.Entities\Orm.Entities.csproj", "{9050B74E-11A2-4D2A-B1F4-F5F8B4BA957E}"
EndProject
Project("{2150E333-8FDC-42A3-9474-1A3956D46DE8}") = "Benchmarks", "Benchmarks", "{036E7FED-3A07-4F55-8748-503E7B6529ED}"
EndProject
Global
	GlobalSection(SolutionConfigurationPlatforms) = preSolution
		Debug|Any CPU = Debug|Any CPU
		Release|Any CPU = Release|Any CPU
	EndGlobalSection
	GlobalSection(ProjectConfigurationPlatforms) = postSolution
		{C4D27C9E-D680-4580-8ABE-ACA7C2B3D9F2}.Debug|Any CPU.ActiveCfg = Debug|Any CPU
		{C4D27C9E-D680-4580-8ABE-ACA7C2B3D9F2}.Debug|Any CPU.Build.0 = Debug|Any CPU
		{C4D27C9E-D680-4580-8ABE-ACA7C2B3D9F2}.Release|Any CPU.ActiveCfg = Release|Any CPU
		{C4D27C9E-D680-4580-8ABE-ACA7C2B3D9F2}.Release|Any CPU.Build.0 = Release|Any CPU
		{6B48530F-C36D-4DB1-A43D-D0D863833E7F}.Debug|Any CPU.ActiveCfg = Debug|Any CPU
		{6B48530F-C36D-4DB1-A43D-D0D863833E7F}.Debug|Any CPU.Build.0 = Debug|Any CPU
		{6B48530F-C36D-4DB1-A43D-D0D863833E7F}.Release|Any CPU.ActiveCfg = Release|Any CPU
		{6B48530F-C36D-4DB1-A43D-D0D863833E7F}.Release|Any CPU.Build.0 = Release|Any CPU
		{D625AA0B-E040-4513-9C5F-A5E7A88E60DE}.Debug|Any CPU.ActiveCfg = Debug|Any CPU
		{D625AA0B-E040-4513-9C5F-A5E7A88E60DE}.Debug|Any CPU.Build.0 = Debug|Any CPU
		{D625AA0B-E040-4513-9C5F-A5E7A88E60DE}.Release|Any CPU.ActiveCfg = Release|Any CPU
		{D625AA0B-E040-4513-9C5F-A5E7A88E60DE}.Release|Any CPU.Build.0 = Release|Any CPU
		{9050B74E-11A2-4D2A-B1F4-F5F8B4BA957E}.Debug|Any CPU.ActiveCfg = Debug|Any CPU
		{9050B74E-11A2-4D2A-B1F4-F5F8B4BA957E}.Debug|Any CPU.Build.0 = Debug|Any CPU
		{9050B74E-11A2-4D2A-B1F4-F5F8B4BA957E}.Release|Any CPU.ActiveCfg = Release|Any CPU
		{9050B74E-11A2-4D2A-B1F4-F5F8B4BA957E}.Release|Any CPU.Build.0 = Release|Any CPU
	EndGlobalSection
	GlobalSection(SolutionProperties) = preSolution
		HideSolutionNode = FALSE
	EndGlobalSection
	GlobalSection(NestedProjects) = preSolution
		{6B48530F-C36D-4DB1-A43D-D0D863833E7F} = {5F15B7E3-0FE6-47C0-9747-702225072C67}
		{D625AA0B-E040-4513-9C5F-A5E7A88E60DE} = {036E7FED-3A07-4F55-8748-503E7B6529ED}
		{9050B74E-11A2-4D2A-B1F4-F5F8B4BA957E} = {5F15B7E3-0FE6-47C0-9747-702225072C67}
	EndGlobalSection
	GlobalSection(ExtensibilityGlobals) = postSolution
		SolutionGuid = {147F1641-1DFA-4242-9817-13D5994CBB2D}
	EndGlobalSection
EndGlobal
